
Microsoft Visual Studio Solution File, Format Version 12.00
Project("{FAE04EC0-301F-11D3-BF4B-00C04F79EFBC}") = "RandomRoleSelector", "RandomRoleSelector\RandomRoleSelector.csproj", "{16E1CEEB-6BD4-4309-8D1A-1B3EB91C805E}"
EndProject
Global
	GlobalSection(SolutionConfigurationPlatforms) = preSolution
		Debug|Any CPU = Debug|Any CPU
		Release|Any CPU = Release|Any CPU
	EndGlobalSection
	GlobalSection(ProjectConfigurationPlatforms) = postSolution
		{16E1CEEB-6BD4-4309-8D1A-1B3EB91C805E}.Debug|Any CPU.ActiveCfg = Debug|Any CPU
		{16E1CEEB-6BD4-4309-8D1A-1B3EB91C805E}.Debug|Any CPU.Build.0 = Debug|Any CPU
		{16E1CEEB-6BD4-4309-8D1A-1B3EB91C805E}.Release|Any CPU.ActiveCfg = Release|Any CPU
		{16E1CEEB-6BD4-4309-8D1A-1B3EB91C805E}.Release|Any CPU.Build.0 = Release|Any CPU
	EndGlobalSection
EndGlobal
